<?xml version="1.0" encoding="UTF-8"?>
<CONFIG>
  <ProjectOptions>
    <Version Value="12"/>
    <PathDelim Value="\"/>
    <General>
      <Flags>
        <CompatibilityMode Value="True"/>
      </Flags>
      <ResourceType Value="res"/>
      <UseXPManifest Value="True"/>
      <Icon Value="0"/>
    </General>
    <i18n>
      <EnableI18N LFM="False"/>
    </i18n>
    <BuildModes Count="2" Active="Windows 32 bit">
      <Item1 Name="Windows 32 bit" Default="True"/>
      <Item2 Name="Windows 64 bit">
        <CompilerOptions>
          <Version Value="11"/>
          <PathDelim Value="\"/>
          <Target>
            <Filename Value="penpaint64"/>
          </Target>
          <SearchPaths>
            <IncludeFiles Value="$(ProjOutDir)"/>
            <UnitOutputDirectory Value="lib\$(TargetCPU)-$(TargetOS)"/>
          </SearchPaths>
          <CodeGeneration>
            <SmartLinkUnit Value="True"/>
            <TargetCPU Value="x86_64"/>
            <TargetOS Value="win64"/>
            <Optimizations>
              <OptimizationLevel Value="0"/>
            </Optimizations>
          </CodeGeneration>
          <Linking>
            <Debugging>
              <GenerateDebugInfo Value="False"/>
              <UseLineInfoUnit Value="False"/>
              <StripSymbols Value="True"/>
            </Debugging>
            <LinkSmart Value="True"/>
            <Options>
              <Win32>
                <GraphicApplication Value="True"/>
              </Win32>
            </Options>
          </Linking>
        </CompilerOptions>
      </Item2>
    </BuildModes>
    <ManyBuildModesSelection Value="&quot;Windows 32 bit&quot;,&quot;Windows 64 bit&quot;"/>
    <PublishOptions>
      <Version Value="2"/>
    </PublishOptions>
    <RunParams>
      <FormatVersion Value="2"/>
      <Modes Count="1">
        <Mode0 Name="default"/>
      </Modes>
    </RunParams>
    <RequiredPackages Count="1">
      <Item1>
        <PackageName Value="LCL"/>
      </Item1>
    </RequiredPackages>
    <Units Count="2">
      <Unit0>
        <Filename Value="penpaint.lpr"/>
        <IsPartOfProject Value="True"/>
        <EditorIndex Value="-1"/>
        <TopLine Value="4"/>
        <CursorPos Y="19"/>
        <UsageCount Value="26"/>
      </Unit0>
      <Unit1>
        <Filename Value="penpaintcode.pas"/>
        <IsPartOfProject Value="True"/>
        <ComponentName Value="Form1"/>
        <HasResources Value="True"/>
        <ResourceBaseClass Value="Form"/>
        <IsVisibleTab Value="True"/>
        <TopLine Value="355"/>
        <CursorPos X="81" Y="363"/>
        <UsageCount Value="26"/>
        <Loaded Value="True"/>
        <LoadedDesigner Value="True"/>
      </Unit1>
    </Units>
    <JumpHistory Count="30" HistoryIndex="29">
      <Position1>
        <Filename Value="penpaintcode.pas"/>
        <Caret Line="319" Column="6" TopLine="311"/>
      </Position1>
      <Position2>
        <Filename Value="penpaintcode.pas"/>
        <Caret Line="457" Column="37" TopLine="426"/>
      </Position2>
      <Position3>
        <Filename Value="penpaintcode.pas"/>
        <Caret Line="451" Column="34" TopLine="204"/>
      </Position3>
      <Position4>
        <Filename Value="penpaintcode.pas"/>
        <Caret Line="458" Column="34" TopLine="442"/>
      </Position4>
      <Position5>
        <Filename Value="penpaintcode.pas"/>
        <Caret Line="98" Column="21" TopLine="79"/>
      </Position5>
      <Position6>
        <Filename Value="penpaintcode.pas"/>
        <Caret Line="109" Column="32" TopLine="84"/>
      </Position6>
      <Position7>
        <Filename Value="penpaintcode.pas"/>
        <Caret Line="108" Column="32" TopLine="92"/>
      </Position7>
      <Position8>
        <Filename Value="penpaintcode.pas"/>
        <Caret Line="95" Column="80" TopLine="35"/>
      </Position8>
      <Position9>
        <Filename Value="penpaintcode.pas"/>
        <Caret Line="115" Column="36" TopLine="108"/>
      </Position9>
      <Position10>
        <Filename Value="penpaintcode.pas"/>
        <Caret Line="234" Column="58" TopLine="227"/>
      </Position10>
      <Position11>
        <Filename Value="penpaintcode.pas"/>
        <Caret Line="245" Column="61" TopLine="238"/>
      </Position11>
      <Position12>
        <Filename Value="penpaintcode.pas"/>
        <Caret Line="88" Column="72" TopLine="64"/>
      </Position12>
      <Position13>
        <Filename Value="penpaintcode.pas"/>
        <Caret Line="228" Column="44" TopLine="219"/>
      </Position13>
      <Position14>
        <Filename Value="penpaintcode.pas"/>
        <Caret Line="227" Column="44" TopLine="218"/>
      </Position14>
      <Position15>
        <Filename Value="penpaintcode.pas"/>
        <Caret Line="90" Column="50" TopLine="70"/>
      </Position15>
      <Position16>
        <Filename Value="penpaintcode.pas"/>
        <Caret Line="86" Column="80" TopLine="71"/>
      </Position16>
      <Position17>
        <Filename Value="penpaintcode.pas"/>
        <Caret Line="89" Column="41" TopLine="71"/>
      </Position17>
      <Position18>
        <Filename Value="penpaintcode.pas"/>
        <Caret Line="264" Column="35" TopLine="245"/>
      </Position18>
      <Position19>
        <Filename Value="penpaintcode.pas"/>
        <Caret Line="91" Column="77" TopLine="79"/>
      </Position19>
      <Position20>
        <Filename Value="penpaintcode.pas"/>
        <Caret Line="318" Column="54" TopLine="304"/>
      </Position20>
      <Position21>
        <Filename Value="penpaintcode.pas"/>
        <Caret Line="87" Column="35" TopLine="31"/>
      </Position21>
      <Position22>
        <Filename Value="penpaintcode.pas"/>
        <Caret Line="302" Column="2" TopLine="288"/>
      </Position22>
      <Position23>
        <Filename Value="penpaintcode.pas"/>
        <Caret Line="419" Column="37" TopLine="405"/>
      </Position23>
      <Position24>
        <Filename Value="penpaintcode.pas"/>
        <Caret Line="217"/>
      </Position24>
      <Position25>
        <Filename Value="penpaintcode.pas"/>
        <Caret Line="312" Column="86" TopLine="289"/>
      </Position25>
      <Position26>
        <Filename Value="penpaintcode.pas"/>
        <Caret Line="426" Column="2" TopLine="397"/>
      </Position26>
      <Position27>
        <Filename Value="penpaintcode.pas"/>
        <Caret Line="415" Column="64" TopLine="406"/>
      </Position27>
      <Position28>
        <Filename Value="penpaintcode.pas"/>
        <Caret Line="314" Column="70" TopLine="310"/>
      </Position28>
      <Position29>
        <Filename Value="penpaintcode.pas"/>
        <Caret Line="61" Column="48" TopLine="51"/>
      </Position29>
      <Position30>
        <Filename Value="penpaintcode.pas"/>
        <Caret Line="60" Column="48" TopLine="50"/>
      </Position30>
    </JumpHistory>
  </ProjectOptions>
  <CompilerOptions>
    <Version Value="11"/>
    <PathDelim Value="\"/>
    <Target>
      <Filename Value="penpaint"/>
    </Target>
    <SearchPaths>
      <IncludeFiles Value="$(ProjOutDir)"/>
      <UnitOutputDirectory Value="lib\$(TargetCPU)-$(TargetOS)"/>
    </SearchPaths>
    <CodeGeneration>
      <SmartLinkUnit Value="True"/>
      <TargetProcessor Value="80386"/>
      <TargetCPU Value="i386"/>
      <TargetOS Value="win32"/>
      <Optimizations>
        <OptimizationLevel Value="0"/>
      </Optimizations>
    </CodeGeneration>
    <Linking>
      <Debugging>
        <GenerateDebugInfo Value="False"/>
        <UseLineInfoUnit Value="False"/>
        <StripSymbols Value="True"/>
      </Debugging>
      <LinkSmart Value="True"/>
      <Options>
        <Win32>
          <GraphicApplication Value="True"/>
        </Win32>
      </Options>
    </Linking>
  </CompilerOptions>
  <Debugging>
    <Exceptions Count="3">
      <Item1>
        <Name Value="EAbort"/>
      </Item1>
      <Item2>
        <Name Value="ECodetoolError"/>
      </Item2>
      <Item3>
        <Name Value="EFOpenError"/>
      </Item3>
    </Exceptions>
  </Debugging>
</CONFIG>
