<?xml version="1.0" encoding="UTF-8"?>
<CONFIG>
  <ProjectOptions>
    <Version Value="12"/>
    <PathDelim Value="\"/>
    <General>
      <Flags>
        <CompatibilityMode Value="True"/>
      </Flags>
      <ResourceType Value="res"/>
      <UseXPManifest Value="True"/>
      <Icon Value="0"/>
    </General>
    <i18n>
      <EnableI18N LFM="False"/>
    </i18n>
    <BuildModes Count="2" Active="Windows 32 bit">
      <Item1 Name="Windows 32 bit" Default="True"/>
      <Item2 Name="Windows 64 bit">
        <CompilerOptions>
          <Version Value="11"/>
          <PathDelim Value="\"/>
          <Target>
            <Filename Value="penpaint64"/>
          </Target>
          <SearchPaths>
            <IncludeFiles Value="$(ProjOutDir)"/>
            <UnitOutputDirectory Value="lib\$(TargetCPU)-$(TargetOS)"/>
          </SearchPaths>
          <CodeGeneration>
            <SmartLinkUnit Value="True"/>
            <TargetCPU Value="x86_64"/>
            <TargetOS Value="win64"/>
            <Optimizations>
              <OptimizationLevel Value="0"/>
            </Optimizations>
          </CodeGeneration>
          <Linking>
            <Debugging>
              <GenerateDebugInfo Value="False"/>
              <UseLineInfoUnit Value="False"/>
              <StripSymbols Value="True"/>
            </Debugging>
            <LinkSmart Value="True"/>
            <Options>
              <Win32>
                <GraphicApplication Value="True"/>
              </Win32>
            </Options>
          </Linking>
        </CompilerOptions>
      </Item2>
    </BuildModes>
    <ManyBuildModesSelection Value="&quot;Windows 32 bit&quot;,&quot;Windows 64 bit&quot;"/>
    <PublishOptions>
      <Version Value="2"/>
    </PublishOptions>
    <RunParams>
      <FormatVersion Value="2"/>
      <Modes Count="1">
        <Mode0 Name="default"/>
      </Modes>
    </RunParams>
    <RequiredPackages Count="1">
      <Item1>
        <PackageName Value="LCL"/>
      </Item1>
    </RequiredPackages>
    <Units Count="2">
      <Unit0>
        <Filename Value="penpaint.lpr"/>
        <IsPartOfProject Value="True"/>
        <EditorIndex Value="-1"/>
        <TopLine Value="4"/>
        <CursorPos Y="19"/>
        <UsageCount Value="28"/>
      </Unit0>
      <Unit1>
        <Filename Value="penpaintcode.pas"/>
        <IsPartOfProject Value="True"/>
        <ComponentName Value="MainWindow"/>
        <HasResources Value="True"/>
        <ResourceBaseClass Value="Form"/>
        <IsVisibleTab Value="True"/>
        <TopLine Value="83"/>
        <CursorPos X="84" Y="86"/>
        <UsageCount Value="28"/>
        <Loaded Value="True"/>
        <LoadedDesigner Value="True"/>
      </Unit1>
    </Units>
    <JumpHistory Count="30" HistoryIndex="29">
      <Position1>
        <Filename Value="penpaintcode.pas"/>
        <Caret Line="146" Column="13" TopLine="134"/>
      </Position1>
      <Position2>
        <Filename Value="penpaintcode.pas"/>
        <Caret Line="161" Column="13" TopLine="154"/>
      </Position2>
      <Position3>
        <Filename Value="penpaintcode.pas"/>
        <Caret Line="416" Column="14" TopLine="404"/>
      </Position3>
      <Position4>
        <Filename Value="penpaintcode.pas"/>
        <Caret Line="96" Column="13" TopLine="89"/>
      </Position4>
      <Position5>
        <Filename Value="penpaintcode.pas"/>
        <Caret Line="358" Column="13" TopLine="346"/>
      </Position5>
      <Position6>
        <Filename Value="penpaintcode.pas"/>
        <Caret Line="97" Column="13" TopLine="90"/>
      </Position6>
      <Position7>
        <Filename Value="penpaintcode.pas"/>
        <Caret Line="359" Column="13" TopLine="347"/>
      </Position7>
      <Position8>
        <Filename Value="penpaintcode.pas"/>
        <Caret Line="98" Column="13" TopLine="91"/>
      </Position8>
      <Position9>
        <Filename Value="penpaintcode.pas"/>
        <Caret Line="337" Column="59" TopLine="325"/>
      </Position9>
      <Position10>
        <Filename Value="penpaintcode.pas"/>
        <Caret Line="102" Column="13" TopLine="102"/>
      </Position10>
      <Position11>
        <Filename Value="penpaintcode.pas"/>
        <Caret Line="130" Column="13" TopLine="118"/>
      </Position11>
      <Position12>
        <Filename Value="penpaintcode.pas"/>
        <Caret Line="103" Column="13" TopLine="97"/>
      </Position12>
      <Position13>
        <Filename Value="penpaintcode.pas"/>
        <Caret Line="174" Column="66" TopLine="162"/>
      </Position13>
      <Position14>
        <Filename Value="penpaintcode.pas"/>
        <Caret Line="104" Column="13" TopLine="98"/>
      </Position14>
      <Position15>
        <Filename Value="penpaintcode.pas"/>
        <Caret Line="132" Column="13" TopLine="120"/>
      </Position15>
      <Position16>
        <Filename Value="penpaintcode.pas"/>
        <Caret Line="105" Column="13" TopLine="99"/>
      </Position16>
      <Position17>
        <Filename Value="penpaintcode.pas"/>
        <Caret Line="133" Column="13" TopLine="121"/>
      </Position17>
      <Position18>
        <Filename Value="penpaintcode.pas"/>
        <Caret Line="106" Column="13" TopLine="100"/>
      </Position18>
      <Position19>
        <Filename Value="penpaintcode.pas"/>
        <Caret Line="134" Column="32" TopLine="122"/>
      </Position19>
      <Position20>
        <Filename Value="penpaintcode.pas"/>
        <Caret Line="107" Column="13" TopLine="101"/>
      </Position20>
      <Position21>
        <Filename Value="penpaintcode.pas"/>
        <Caret Line="135" Column="13" TopLine="123"/>
      </Position21>
      <Position22>
        <Filename Value="penpaintcode.pas"/>
        <Caret Line="194" Column="14" TopLine="187"/>
      </Position22>
      <Position23>
        <Filename Value="penpaintcode.pas"/>
        <Caret Line="417" Column="14" TopLine="405"/>
      </Position23>
      <Position24>
        <Filename Value="penpaintcode.pas"/>
        <Caret Line="95" Column="13" TopLine="88"/>
      </Position24>
      <Position25>
        <Filename Value="penpaintcode.pas"/>
        <Caret Line="174" Column="12" TopLine="162"/>
      </Position25>
      <Position26>
        <Filename Value="penpaintcode.pas"/>
        <Caret Line="151" Column="13" TopLine="144"/>
      </Position26>
      <Position27>
        <Filename Value="penpaintcode.pas"/>
        <Caret Line="405" Column="53" TopLine="393"/>
      </Position27>
      <Position28>
        <Filename Value="penpaintcode.pas"/>
        <Caret Line="152" Column="13" TopLine="145"/>
      </Position28>
      <Position29>
        <Filename Value="penpaintcode.pas"/>
        <Caret Line="417" Column="45" TopLine="405"/>
      </Position29>
      <Position30>
        <Filename Value="penpaintcode.pas"/>
        <Caret Line="276" Column="16" TopLine="269"/>
      </Position30>
    </JumpHistory>
  </ProjectOptions>
  <CompilerOptions>
    <Version Value="11"/>
    <PathDelim Value="\"/>
    <Target>
      <Filename Value="penpaint"/>
    </Target>
    <SearchPaths>
      <IncludeFiles Value="$(ProjOutDir)"/>
      <UnitOutputDirectory Value="lib\$(TargetCPU)-$(TargetOS)"/>
    </SearchPaths>
    <CodeGeneration>
      <SmartLinkUnit Value="True"/>
      <TargetProcessor Value="80386"/>
      <TargetCPU Value="i386"/>
      <TargetOS Value="win32"/>
      <Optimizations>
        <OptimizationLevel Value="0"/>
      </Optimizations>
    </CodeGeneration>
    <Linking>
      <Debugging>
        <GenerateDebugInfo Value="False"/>
        <UseLineInfoUnit Value="False"/>
        <StripSymbols Value="True"/>
      </Debugging>
      <LinkSmart Value="True"/>
      <Options>
        <Win32>
          <GraphicApplication Value="True"/>
        </Win32>
      </Options>
    </Linking>
  </CompilerOptions>
  <Debugging>
    <Exceptions Count="3">
      <Item1>
        <Name Value="EAbort"/>
      </Item1>
      <Item2>
        <Name Value="ECodetoolError"/>
      </Item2>
      <Item3>
        <Name Value="EFOpenError"/>
      </Item3>
    </Exceptions>
  </Debugging>
</CONFIG>
